
Microsoft Visual Studio Solution File, Format Version 12.00
# Visual Studio Version 16
VisualStudioVersion = 16.0.30711.63
MinimumVisualStudioVersion = 10.0.40219.1
Project("{FAE04EC0-301F-11D3-BF4B-00C04F79EFBC}") = "HQTCSDL.TeamProject.RealEstateAgency", "HQTCSDL.TeamProject.RealEstateAgency\HQTCSDL.TeamProject.RealEstateAgency.csproj", "{8B92D7F8-D7BD-46AC-8FDD-1C92E67A9D1B}"
EndProject
Global
	GlobalSection(SolutionConfigurationPlatforms) = preSolution
		Debug|Any CPU = Debug|Any CPU
		Release|Any CPU = Release|Any CPU
	EndGlobalSection
	GlobalSection(ProjectConfigurationPlatforms) = postSolution
		{8B92D7F8-D7BD-46AC-8FDD-1C92E67A9D1B}.Debug|Any CPU.ActiveCfg = Debug|Any CPU
		{8B92D7F8-D7BD-46AC-8FDD-1C92E67A9D1B}.Debug|Any CPU.Build.0 = Debug|Any CPU
		{8B92D7F8-D7BD-46AC-8FDD-1C92E67A9D1B}.Release|Any CPU.ActiveCfg = Release|Any CPU
		{8B92D7F8-D7BD-46AC-8FDD-1C92E67A9D1B}.Release|Any CPU.Build.0 = Release|Any CPU
	EndGlobalSection
	GlobalSection(SolutionProperties) = preSolution
		HideSolutionNode = FALSE
	EndGlobalSection
	GlobalSection(ExtensibilityGlobals) = postSolution
		SolutionGuid = {847879BC-0C09-4A93-8605-16104D6F9D70}
	EndGlobalSection
EndGlobal
